
Microsoft Visual Studio Solution File, Format Version 12.00
# Visual Studio Version 16
VisualStudioVersion = 16.0.29324.140
MinimumVisualStudioVersion = 10.0.40219.1
Project("{FAE04EC0-301F-11D3-BF4B-00C04F79EFBC}") = "FirebasePush.Net", "FirebasePush.Net\FirebasePush.Net.csproj", "{E37D4F87-51F9-47C3-AA36-9E3436E344B3}"
EndProject
Global
	GlobalSection(SolutionConfigurationPlatforms) = preSolution
		Debug|Any CPU = Debug|Any CPU
		Release|Any CPU = Release|Any CPU
	EndGlobalSection
	GlobalSection(ProjectConfigurationPlatforms) = postSolution
		{E37D4F87-51F9-47C3-AA36-9E3436E344B3}.Debug|Any CPU.ActiveCfg = Debug|Any CPU
		{E37D4F87-51F9-47C3-AA36-9E3436E344B3}.Debug|Any CPU.Build.0 = Debug|Any CPU
		{E37D4F87-51F9-47C3-AA36-9E3436E344B3}.Release|Any CPU.ActiveCfg = Release|Any CPU
		{E37D4F87-51F9-47C3-AA36-9E3436E344B3}.Release|Any CPU.Build.0 = Release|Any CPU
	EndGlobalSection
	GlobalSection(SolutionProperties) = preSolution
		HideSolutionNode = FALSE
	EndGlobalSection
	GlobalSection(ExtensibilityGlobals) = postSolution
		SolutionGuid = {55C97C96-2D35-4270-878B-B496B48064A2}
	EndGlobalSection
EndGlobal
